{
  "object": {
    "pins": [
      {
        "package": "AppDevWithSwiftLibrary",
        "repositoryURL": "https://github.com/iitgrad/AppDevWithSwiftLibrary.git",
        "state": {
          "branch": null,
          "revision": "e6d44e4efc28407bcff9bba236b5178ef7477817",
          "version": "1.11.0"
        }
      }
    ]
  },
  "version": 1
}
