// !$*UTF8*$!
{
	archiveVersion = 1;
	classes = {
	};
	objectVersion = 52;
	objects = {

/* Begin PBXBuildFile section */
		5E60B1AA2640296600369653 /* AppDevWithSwiftLibrary in Frameworks */ = {isa = PBXBuildFile; productRef = 5E60B1A92640296600369653 /* AppDevWithSwiftLibrary */; };
		5E7C3AB22630830C007BF3C5 /* SquirrelSighting.swift in Sources */ = {isa = PBXBuildFile; fileRef = 5E7C3AB12630830C007BF3C5 /* SquirrelSighting.swift */; };
		5E7C3AB826309976007BF3C5 /* SquirrelAboutUs.swift in Sources */ = {isa = PBXBuildFile; fileRef = 5E7C3AB726309976007BF3C5 /* SquirrelAboutUs.swift */; };
		5E7C3ABF26323135007BF3C5 /* SquirrelData.swift in Sources */ = {isa = PBXBuildFile; fileRef = 5E7C3ABE26323135007BF3C5 /* SquirrelData.swift */; };
		5E7C3AC22632314F007BF3C5 /* SquirrelTrophy.swift in Sources */ = {isa = PBXBuildFile; fileRef = 5E7C3AC12632314F007BF3C5 /* SquirrelTrophy.swift */; };
		5E7C3AC52632317A007BF3C5 /* SquirrelUserPictures.swift in Sources */ = {isa = PBXBuildFile; fileRef = 5E7C3AC42632317A007BF3C5 /* SquirrelUserPictures.swift */; };
		5ED5D7C9263B7D2900DCA527 /* CloudKit.framework in Frameworks */ = {isa = PBXBuildFile; fileRef = 5E0BD28E263A09CE0097C361 /* CloudKit.framework */; };
		5EF8FC13262E32F500F1FBBD /* Team3CapstoneApp.swift in Sources */ = {isa = PBXBuildFile; fileRef = 5EF8FC12262E32F500F1FBBD /* Team3CapstoneApp.swift */; };
		5EF8FC15262E32F500F1FBBD /* ContentView.swift in Sources */ = {isa = PBXBuildFile; fileRef = 5EF8FC14262E32F500F1FBBD /* ContentView.swift */; };
		5EF8FC17262E32F600F1FBBD /* Assets.xcassets in Resources */ = {isa = PBXBuildFile; fileRef = 5EF8FC16262E32F600F1FBBD /* Assets.xcassets */; };
		5EF8FC1A262E32F600F1FBBD /* Preview Assets.xcassets in Resources */ = {isa = PBXBuildFile; fileRef = 5EF8FC19262E32F600F1FBBD /* Preview Assets.xcassets */; };
/* End PBXBuildFile section */

/* Begin PBXFileReference section */
		5E0BD28B263A09B90097C361 /* Team3Capstone.entitlements */ = {isa = PBXFileReference; lastKnownFileType = text.plist.entitlements; path = Team3Capstone.entitlements; sourceTree = "<group>"; };
		5E0BD28E263A09CE0097C361 /* CloudKit.framework */ = {isa = PBXFileReference; lastKnownFileType = wrapper.framework; name = CloudKit.framework; path = System/Library/Frameworks/CloudKit.framework; sourceTree = SDKROOT; };
		5E28963026449410004E2EEF /* Chicago.gpx */ = {isa = PBXFileReference; lastKnownFileType = text; name = Chicago.gpx; path = ../../Desktop/Everything/Chicago.gpx; sourceTree = "<group>"; };
		5E2896322644AA44004E2EEF /* SFPro.ttf */ = {isa = PBXFileReference; lastKnownFileType = file; name = SFPro.ttf; path = ../../Desktop/Everything/Team3Items/SFPro.ttf; sourceTree = "<group>"; };
		5E7C3AB12630830C007BF3C5 /* SquirrelSighting.swift */ = {isa = PBXFileReference; lastKnownFileType = sourcecode.swift; path = SquirrelSighting.swift; sourceTree = "<group>"; };
		5E7C3AB726309976007BF3C5 /* SquirrelAboutUs.swift */ = {isa = PBXFileReference; lastKnownFileType = sourcecode.swift; path = SquirrelAboutUs.swift; sourceTree = "<group>"; };
		5E7C3ABE26323135007BF3C5 /* SquirrelData.swift */ = {isa = PBXFileReference; lastKnownFileType = sourcecode.swift; path = SquirrelData.swift; sourceTree = "<group>"; };
		5E7C3AC12632314F007BF3C5 /* SquirrelTrophy.swift */ = {isa = PBXFileReference; lastKnownFileType = sourcecode.swift; path = SquirrelTrophy.swift; sourceTree = "<group>"; };
		5E7C3AC42632317A007BF3C5 /* SquirrelUserPictures.swift */ = {isa = PBXFileReference; lastKnownFileType = sourcecode.swift; path = SquirrelUserPictures.swift; sourceTree = "<group>"; };
		5EF8FC0F262E32F500F1FBBD /* Team3Capstone.app */ = {isa = PBXFileReference; explicitFileType = wrapper.application; includeInIndex = 0; path = Team3Capstone.app; sourceTree = BUILT_PRODUCTS_DIR; };
		5EF8FC12262E32F500F1FBBD /* Team3CapstoneApp.swift */ = {isa = PBXFileReference; lastKnownFileType = sourcecode.swift; path = Team3CapstoneApp.swift; sourceTree = "<group>"; };
		5EF8FC14262E32F500F1FBBD /* ContentView.swift */ = {isa = PBXFileReference; lastKnownFileType = sourcecode.swift; path = ContentView.swift; sourceTree = "<group>"; };
		5EF8FC16262E32F600F1FBBD /* Assets.xcassets */ = {isa = PBXFileReference; lastKnownFileType = folder.assetcatalog; path = Assets.xcassets; sourceTree = "<group>"; };
		5EF8FC19262E32F600F1FBBD /* Preview Assets.xcassets */ = {isa = PBXFileReference; lastKnownFileType = folder.assetcatalog; path = "Preview Assets.xcassets"; sourceTree = "<group>"; };
		5EF8FC1B262E32F600F1FBBD /* Info.plist */ = {isa = PBXFileReference; lastKnownFileType = text.plist.xml; path = Info.plist; sourceTree = "<group>"; };
/* End PBXFileReference section */

/* Begin PBXFrameworksBuildPhase section */
		5EF8FC0C262E32F500F1FBBD /* Frameworks */ = {
			isa = PBXFrameworksBuildPhase;
			buildActionMask = 2147483647;
			files = (
				5E60B1AA2640296600369653 /* AppDevWithSwiftLibrary in Frameworks */,
				5ED5D7C9263B7D2900DCA527 /* CloudKit.framework in Frameworks */,
			);
			runOnlyForDeploymentPostprocessing = 0;
		};
/* End PBXFrameworksBuildPhase section */

/* Begin PBXGroup section */
		5E0BD28D263A09CE0097C361 /* Frameworks */ = {
			isa = PBXGroup;
			children = (
				5E0BD28E263A09CE0097C361 /* CloudKit.framework */,
			);
			name = Frameworks;
			sourceTree = "<group>";
		};
		5EF8FC06262E32F500F1FBBD = {
			isa = PBXGroup;
			children = (
				5E2896322644AA44004E2EEF /* SFPro.ttf */,
				5E28963026449410004E2EEF /* Chicago.gpx */,
				5EF8FC11262E32F500F1FBBD /* Team3Capstone */,
				5EF8FC10262E32F500F1FBBD /* Products */,
				5E0BD28D263A09CE0097C361 /* Frameworks */,
			);
			sourceTree = "<group>";
		};
		5EF8FC10262E32F500F1FBBD /* Products */ = {
			isa = PBXGroup;
			children = (
				5EF8FC0F262E32F500F1FBBD /* Team3Capstone.app */,
			);
			name = Products;
			sourceTree = "<group>";
		};
		5EF8FC11262E32F500F1FBBD /* Team3Capstone */ = {
			isa = PBXGroup;
			children = (
				5E0BD28B263A09B90097C361 /* Team3Capstone.entitlements */,
				5EF8FC12262E32F500F1FBBD /* Team3CapstoneApp.swift */,
				5EF8FC16262E32F600F1FBBD /* Assets.xcassets */,
				5EF8FC1B262E32F600F1FBBD /* Info.plist */,
				5EF8FC18262E32F600F1FBBD /* Preview Content */,
				5EF8FC14262E32F500F1FBBD /* ContentView.swift */,
				5E7C3AB12630830C007BF3C5 /* SquirrelSighting.swift */,
				5E7C3ABE26323135007BF3C5 /* SquirrelData.swift */,
				5E7C3AC12632314F007BF3C5 /* SquirrelTrophy.swift */,
				5E7C3AB726309976007BF3C5 /* SquirrelAboutUs.swift */,
				5E7C3AC42632317A007BF3C5 /* SquirrelUserPictures.swift */,
			);
			path = Team3Capstone;
			sourceTree = "<group>";
		};
		5EF8FC18262E32F600F1FBBD /* Preview Content */ = {
			isa = PBXGroup;
			children = (
				5EF8FC19262E32F600F1FBBD /* Preview Assets.xcassets */,
			);
			path = "Preview Content";
			sourceTree = "<group>";
		};
/* End PBXGroup section */

/* Begin PBXNativeTarget section */
		5EF8FC0E262E32F500F1FBBD /* Team3Capstone */ = {
			isa = PBXNativeTarget;
			buildConfigurationList = 5EF8FC1E262E32F600F1FBBD /* Build configuration list for PBXNativeTarget "Team3Capstone" */;
			buildPhases = (
				5EF8FC0B262E32F500F1FBBD /* Sources */,
				5EF8FC0C262E32F500F1FBBD /* Frameworks */,
				5EF8FC0D262E32F500F1FBBD /* Resources */,
			);
			buildRules = (
			);
			dependencies = (
			);
			name = Team3Capstone;
			packageProductDependencies = (
				5E60B1A92640296600369653 /* AppDevWithSwiftLibrary */,
			);
			productName = Team3Capstone;
			productReference = 5EF8FC0F262E32F500F1FBBD /* Team3Capstone.app */;
			productType = "com.apple.product-type.application";
		};
/* End PBXNativeTarget section */

/* Begin PBXProject section */
		5EF8FC07262E32F500F1FBBD /* Project object */ = {
			isa = PBXProject;
			attributes = {
				LastSwiftUpdateCheck = 1240;
				LastUpgradeCheck = 1240;
				TargetAttributes = {
					5EF8FC0E262E32F500F1FBBD = {
						CreatedOnToolsVersion = 12.4;
					};
				};
			};
			buildConfigurationList = 5EF8FC0A262E32F500F1FBBD /* Build configuration list for PBXProject "Team3Capstone" */;
			compatibilityVersion = "Xcode 9.3";
			developmentRegion = en;
			hasScannedForEncodings = 0;
			knownRegions = (
				en,
				Base,
			);
			mainGroup = 5EF8FC06262E32F500F1FBBD;
			packageReferences = (
				5E60B1A82640296600369653 /* XCRemoteSwiftPackageReference "AppDevWithSwiftLibrary" */,
			);
			productRefGroup = 5EF8FC10262E32F500F1FBBD /* Products */;
			projectDirPath = "";
			projectRoot = "";
			targets = (
				5EF8FC0E262E32F500F1FBBD /* Team3Capstone */,
			);
		};
/* End PBXProject section */

/* Begin PBXResourcesBuildPhase section */
		5EF8FC0D262E32F500F1FBBD /* Resources */ = {
			isa = PBXResourcesBuildPhase;
			buildActionMask = 2147483647;
			files = (
				5EF8FC1A262E32F600F1FBBD /* Preview Assets.xcassets in Resources */,
				5EF8FC17262E32F600F1FBBD /* Assets.xcassets in Resources */,
			);
			runOnlyForDeploymentPostprocessing = 0;
		};
/* End PBXResourcesBuildPhase section */

/* Begin PBXSourcesBuildPhase section */
		5EF8FC0B262E32F500F1FBBD /* Sources */ = {
			isa = PBXSourcesBuildPhase;
			buildActionMask = 2147483647;
			files = (
				5E7C3ABF26323135007BF3C5 /* SquirrelData.swift in Sources */,
				5E7C3AC22632314F007BF3C5 /* SquirrelTrophy.swift in Sources */,
				5E7C3AC52632317A007BF3C5 /* SquirrelUserPictures.swift in Sources */,
				5EF8FC15262E32F500F1FBBD /* ContentView.swift in Sources */,
				5E7C3AB826309976007BF3C5 /* SquirrelAboutUs.swift in Sources */,
				5E7C3AB22630830C007BF3C5 /* SquirrelSighting.swift in Sources */,
				5EF8FC13262E32F500F1FBBD /* Team3CapstoneApp.swift in Sources */,
			);
			runOnlyForDeploymentPostprocessing = 0;
		};
/* End PBXSourcesBuildPhase section */

/* Begin XCBuildConfiguration section */
		5EF8FC1C262E32F600F1FBBD /* Debug */ = {
			isa = XCBuildConfiguration;
			buildSettings = {
				ALWAYS_SEARCH_USER_PATHS = NO;
				CLANG_ANALYZER_NONNULL = YES;
				CLANG_ANALYZER_NUMBER_OBJECT_CONVERSION = YES_AGGRESSIVE;
				CLANG_CXX_LANGUAGE_STANDARD = "gnu++14";
				CLANG_CXX_LIBRARY = "libc++";
				CLANG_ENABLE_MODULES = YES;
				CLANG_ENABLE_OBJC_ARC = YES;
				CLANG_ENABLE_OBJC_WEAK = YES;
				CLANG_WARN_BLOCK_CAPTURE_AUTORELEASING = YES;
				CLANG_WARN_BOOL_CONVERSION = YES;
				CLANG_WARN_COMMA = YES;
				CLANG_WARN_CONSTANT_CONVERSION = YES;
				CLANG_WARN_DEPRECATED_OBJC_IMPLEMENTATIONS = YES;
				CLANG_WARN_DIRECT_OBJC_ISA_USAGE = YES_ERROR;
				CLANG_WARN_DOCUMENTATION_COMMENTS = YES;
				CLANG_WARN_EMPTY_BODY = YES;
				CLANG_WARN_ENUM_CONVERSION = YES;
				CLANG_WARN_INFINITE_RECURSION = YES;
				CLANG_WARN_INT_CONVERSION = YES;
				CLANG_WARN_NON_LITERAL_NULL_CONVERSION = YES;
				CLANG_WARN_OBJC_IMPLICIT_RETAIN_SELF = YES;
				CLANG_WARN_OBJC_LITERAL_CONVERSION = YES;
				CLANG_WARN_OBJC_ROOT_CLASS = YES_ERROR;
				CLANG_WARN_QUOTED_INCLUDE_IN_FRAMEWORK_HEADER = YES;
				CLANG_WARN_RANGE_LOOP_ANALYSIS = YES;
				CLANG_WARN_STRICT_PROTOTYPES = YES;
				CLANG_WARN_SUSPICIOUS_MOVE = YES;
				CLANG_WARN_UNGUARDED_AVAILABILITY = YES_AGGRESSIVE;
				CLANG_WARN_UNREACHABLE_CODE = YES;
				CLANG_WARN__DUPLICATE_METHOD_MATCH = YES;
				COPY_PHASE_STRIP = NO;
				DEBUG_INFORMATION_FORMAT = dwarf;
				ENABLE_STRICT_OBJC_MSGSEND = YES;
				ENABLE_TESTABILITY = YES;
				GCC_C_LANGUAGE_STANDARD = gnu11;
				GCC_DYNAMIC_NO_PIC = NO;
				GCC_NO_COMMON_BLOCKS = YES;
				GCC_OPTIMIZATION_LEVEL = 0;
				GCC_PREPROCESSOR_DEFINITIONS = (
					"DEBUG=1",
					"$(inherited)",
				);
				GCC_WARN_64_TO_32_BIT_CONVERSION = YES;
				GCC_WARN_ABOUT_RETURN_TYPE = YES_ERROR;
				GCC_WARN_UNDECLARED_SELECTOR = YES;
				GCC_WARN_UNINITIALIZED_AUTOS = YES_AGGRESSIVE;
				GCC_WARN_UNUSED_FUNCTION = YES;
				GCC_WARN_UNUSED_VARIABLE = YES;
				IPHONEOS_DEPLOYMENT_TARGET = 14.4;
				MTL_ENABLE_DEBUG_INFO = INCLUDE_SOURCE;
				MTL_FAST_MATH = YES;
				ONLY_ACTIVE_ARCH = YES;
				SDKROOT = iphoneos;
				SWIFT_ACTIVE_COMPILATION_CONDITIONS = DEBUG;
				SWIFT_OPTIMIZATION_LEVEL = "-Onone";
			};
			name = Debug;
		};
		5EF8FC1D262E32F600F1FBBD /* Release */ = {
			isa = XCBuildConfiguration;
			buildSettings = {
				ALWAYS_SEARCH_USER_PATHS = NO;
				CLANG_ANALYZER_NONNULL = YES;
				CLANG_ANALYZER_NUMBER_OBJECT_CONVERSION = YES_AGGRESSIVE;
				CLANG_CXX_LANGUAGE_STANDARD = "gnu++14";
				CLANG_CXX_LIBRARY = "libc++";
				CLANG_ENABLE_MODULES = YES;
				CLANG_ENABLE_OBJC_ARC = YES;
				CLANG_ENABLE_OBJC_WEAK = YES;
				CLANG_WARN_BLOCK_CAPTURE_AUTORELEASING = YES;
				CLANG_WARN_BOOL_CONVERSION = YES;
				CLANG_WARN_COMMA = YES;
				CLANG_WARN_CONSTANT_CONVERSION = YES;
				CLANG_WARN_DEPRECATED_OBJC_IMPLEMENTATIONS = YES;
				CLANG_WARN_DIRECT_OBJC_ISA_USAGE = YES_ERROR;
				CLANG_WARN_DOCUMENTATION_COMMENTS = YES;
				CLANG_WARN_EMPTY_BODY = YES;
				CLANG_WARN_ENUM_CONVERSION = YES;
				CLANG_WARN_INFINITE_RECURSION = YES;
				CLANG_WARN_INT_CONVERSION = YES;
				CLANG_WARN_NON_LITERAL_NULL_CONVERSION = YES;
				CLANG_WARN_OBJC_IMPLICIT_RETAIN_SELF = YES;
				CLANG_WARN_OBJC_LITERAL_CONVERSION = YES;
				CLANG_WARN_OBJC_ROOT_CLASS = YES_ERROR;
				CLANG_WARN_QUOTED_INCLUDE_IN_FRAMEWORK_HEADER = YES;
				CLANG_WARN_RANGE_LOOP_ANALYSIS = YES;
				CLANG_WARN_STRICT_PROTOTYPES = YES;
				CLANG_WARN_SUSPICIOUS_MOVE = YES;
				CLANG_WARN_UNGUARDED_AVAILABILITY = YES_AGGRESSIVE;
				CLANG_WARN_UNREACHABLE_CODE = YES;
				CLANG_WARN__DUPLICATE_METHOD_MATCH = YES;
				COPY_PHASE_STRIP = NO;
				DEBUG_INFORMATION_FORMAT = "dwarf-with-dsym";
				ENABLE_NS_ASSERTIONS = NO;
				ENABLE_STRICT_OBJC_MSGSEND = YES;
				GCC_C_LANGUAGE_STANDARD = gnu11;
				GCC_NO_COMMON_BLOCKS = YES;
				GCC_WARN_64_TO_32_BIT_CONVERSION = YES;
				GCC_WARN_ABOUT_RETURN_TYPE = YES_ERROR;
				GCC_WARN_UNDECLARED_SELECTOR = YES;
				GCC_WARN_UNINITIALIZED_AUTOS = YES_AGGRESSIVE;
				GCC_WARN_UNUSED_FUNCTION = YES;
				GCC_WARN_UNUSED_VARIABLE = YES;
				IPHONEOS_DEPLOYMENT_TARGET = 14.4;
				MTL_ENABLE_DEBUG_INFO = NO;
				MTL_FAST_MATH = YES;
				SDKROOT = iphoneos;
				SWIFT_COMPILATION_MODE = wholemodule;
				SWIFT_OPTIMIZATION_LEVEL = "-O";
				VALIDATE_PRODUCT = YES;
			};
			name = Release;
		};
		5EF8FC1F262E32F600F1FBBD /* Debug */ = {
			isa = XCBuildConfiguration;
			buildSettings = {
				ASSETCATALOG_COMPILER_APPICON_NAME = AppIcon;
				ASSETCATALOG_COMPILER_GLOBAL_ACCENT_COLOR_NAME = AccentColor;
				CODE_SIGN_ENTITLEMENTS = Team3Capstone/Team3Capstone.entitlements;
				CODE_SIGN_STYLE = Automatic;
				CURRENT_PROJECT_VERSION = 8;
				DEVELOPMENT_ASSET_PATHS = "\"Team3Capstone/Preview Content\"";
				DEVELOPMENT_TEAM = JS672DRUXD;
				ENABLE_PREVIEWS = YES;
				INFOPLIST_FILE = Team3Capstone/Info.plist;
				IPHONEOS_DEPLOYMENT_TARGET = 14.0;
				LD_RUNPATH_SEARCH_PATHS = (
					"$(inherited)",
					"@executable_path/Frameworks",
				);
				PRODUCT_BUNDLE_IDENTIFIER = com.Lynch.Team3Capstone;
				PRODUCT_NAME = "$(TARGET_NAME)";
				SWIFT_VERSION = 5.0;
				TARGETED_DEVICE_FAMILY = "1,2";
			};
			name = Debug;
		};
		5EF8FC20262E32F600F1FBBD /* Release */ = {
			isa = XCBuildConfiguration;
			buildSettings = {
				ASSETCATALOG_COMPILER_APPICON_NAME = AppIcon;
				ASSETCATALOG_COMPILER_GLOBAL_ACCENT_COLOR_NAME = AccentColor;
				CODE_SIGN_ENTITLEMENTS = Team3Capstone/Team3Capstone.entitlements;
				CODE_SIGN_STYLE = Automatic;
				CURRENT_PROJECT_VERSION = 8;
				DEVELOPMENT_ASSET_PATHS = "\"Team3Capstone/Preview Content\"";
				DEVELOPMENT_TEAM = JS672DRUXD;
				ENABLE_PREVIEWS = YES;
				INFOPLIST_FILE = Team3Capstone/Info.plist;
				IPHONEOS_DEPLOYMENT_TARGET = 14.0;
				LD_RUNPATH_SEARCH_PATHS = (
					"$(inherited)",
					"@executable_path/Frameworks",
				);
				PRODUCT_BUNDLE_IDENTIFIER = com.Lynch.Team3Capstone;
				PRODUCT_NAME = "$(TARGET_NAME)";
				SWIFT_VERSION = 5.0;
				TARGETED_DEVICE_FAMILY = "1,2";
			};
			name = Release;
		};
/* End XCBuildConfiguration section */

/* Begin XCConfigurationList section */
		5EF8FC0A262E32F500F1FBBD /* Build configuration list for PBXProject "Team3Capstone" */ = {
			isa = XCConfigurationList;
			buildConfigurations = (
				5EF8FC1C262E32F600F1FBBD /* Debug */,
				5EF8FC1D262E32F600F1FBBD /* Release */,
			);
			defaultConfigurationIsVisible = 0;
			defaultConfigurationName = Release;
		};
		5EF8FC1E262E32F600F1FBBD /* Build configuration list for PBXNativeTarget "Team3Capstone" */ = {
			isa = XCConfigurationList;
			buildConfigurations = (
				5EF8FC1F262E32F600F1FBBD /* Debug */,
				5EF8FC20262E32F600F1FBBD /* Release */,
			);
			defaultConfigurationIsVisible = 0;
			defaultConfigurationName = Release;
		};
/* End XCConfigurationList section */

/* Begin XCRemoteSwiftPackageReference section */
		5E60B1A82640296600369653 /* XCRemoteSwiftPackageReference "AppDevWithSwiftLibrary" */ = {
			isa = XCRemoteSwiftPackageReference;
			repositoryURL = "https://github.com/iitgrad/AppDevWithSwiftLibrary.git";
			requirement = {
				kind = upToNextMajorVersion;
				minimumVersion = 1.8.9;
			};
		};
/* End XCRemoteSwiftPackageReference section */

/* Begin XCSwiftPackageProductDependency section */
		5E60B1A92640296600369653 /* AppDevWithSwiftLibrary */ = {
			isa = XCSwiftPackageProductDependency;
			package = 5E60B1A82640296600369653 /* XCRemoteSwiftPackageReference "AppDevWithSwiftLibrary" */;
			productName = AppDevWithSwiftLibrary;
		};
/* End XCSwiftPackageProductDependency section */
	};
	rootObject = 5EF8FC07262E32F500F1FBBD /* Project object */;
}
